{
  "name": "@hmadali33/ind-id",
  "version": "1.0.0",
  "lockfileVersion": 3,
  "requires": true,
  "packages": {
    "": {
      "name": "@hmadali33/ind-id",
      "version": "1.0.0",
      "license": "ISC",
      "dependencies": {
        "ind-id": "^1.0.0"
      },
      "devDependencies": {}
    },
    "node_modules/ind-id": {
      "version": "1.0.0",
      "resolved": "https://registry.npmjs.org/ind-id/-/ind-id-1.0.0.tgz",
      "integrity": "sha512-Jh7Ie9s+jP9QAUInUvJ4EvxtZlj5TjU6gNJzZIapFNP3LRkmlKzehcFsQyR0NZnCv1GDuUbhHHunGuQAo5Kvpg=="
    }
  }
}
